
Microsoft Visual Studio Solution File, Format Version 12.00
# Visual Studio Version 17
VisualStudioVersion = 17.9.34728.123
MinimumVisualStudioVersion = 10.0.40219.1
Project("{FAE04EC0-301F-11D3-BF4B-00C04F79EFBC}") = "HospitalServerHub", "HospitalServerHub\HospitalServerHub.csproj", "{B55B128B-67B6-4E3F-BAF6-EBDE286EBF53}"
EndProject
Project("{FAE04EC0-301F-11D3-BF4B-00C04F79EFBC}") = "HospitalManagementySite", "HospitalManagementySite\HospitalManagementySite.csproj", "{2B35DD75-FBF3-4499-9891-198544242E55}"
EndProject
Global
	GlobalSection(SolutionConfigurationPlatforms) = preSolution
		Debug|Any CPU = Debug|Any CPU
		Release|Any CPU = Release|Any CPU
	EndGlobalSection
	GlobalSection(ProjectConfigurationPlatforms) = postSolution
		{B55B128B-67B6-4E3F-BAF6-EBDE286EBF53}.Debug|Any CPU.ActiveCfg = Debug|Any CPU
		{B55B128B-67B6-4E3F-BAF6-EBDE286EBF53}.Debug|Any CPU.Build.0 = Debug|Any CPU
		{B55B128B-67B6-4E3F-BAF6-EBDE286EBF53}.Release|Any CPU.ActiveCfg = Release|Any CPU
		{B55B128B-67B6-4E3F-BAF6-EBDE286EBF53}.Release|Any CPU.Build.0 = Release|Any CPU
		{2B35DD75-FBF3-4499-9891-198544242E55}.Debug|Any CPU.ActiveCfg = Debug|Any CPU
		{2B35DD75-FBF3-4499-9891-198544242E55}.Debug|Any CPU.Build.0 = Debug|Any CPU
		{2B35DD75-FBF3-4499-9891-198544242E55}.Release|Any CPU.ActiveCfg = Release|Any CPU
		{2B35DD75-FBF3-4499-9891-198544242E55}.Release|Any CPU.Build.0 = Release|Any CPU
	EndGlobalSection
	GlobalSection(SolutionProperties) = preSolution
		HideSolutionNode = FALSE
	EndGlobalSection
	GlobalSection(ExtensibilityGlobals) = postSolution
		SolutionGuid = {97D7EB29-A62B-4AD1-92AA-06326738ECB8}
	EndGlobalSection
EndGlobal
